
Microsoft Visual Studio Solution File, Format Version 12.00
# Visual Studio Version 16
VisualStudioVersion = 16.0.29709.97
MinimumVisualStudioVersion = 10.0.40219.1
Project("{FAE04EC0-301F-11D3-BF4B-00C04F79EFBC}") = "XMCM.UWP", "XMCM.UWP\XMCM.UWP.csproj", "{04F45162-7D1D-46CC-9108-5897BF57BD8D}"
EndProject
Project("{FAE04EC0-301F-11D3-BF4B-00C04F79EFBC}") = "XMCM.Android", "XMCM.Android\XMCM.Android.csproj", "{A89B2232-8B9A-418C-9DA2-3C28193AE424}"
EndProject
Project("{FAE04EC0-301F-11D3-BF4B-00C04F79EFBC}") = "XMCM.iOS", "XMCM.iOS\XMCM.iOS.csproj", "{2549169B-B04B-4EB0-9FFE-109A71EF9371}"
EndProject
Project("{FAE04EC0-301F-11D3-BF4B-00C04F79EFBC}") = "XMCM", "XMCM\XMCM.csproj", "{B12A2E39-C9BD-4447-A53D-42D4F765C398}"
EndProject
Global
	GlobalSection(SolutionConfigurationPlatforms) = preSolution
		Debug|Any CPU = Debug|Any CPU
		Debug|ARM = Debug|ARM
		Debug|iPhone = Debug|iPhone
		Debug|iPhoneSimulator = Debug|iPhoneSimulator
		Debug|x64 = Debug|x64
		Debug|x86 = Debug|x86
		Release|Any CPU = Release|Any CPU
		Release|ARM = Release|ARM
		Release|iPhone = Release|iPhone
		Release|iPhoneSimulator = Release|iPhoneSimulator
		Release|x64 = Release|x64
		Release|x86 = Release|x86
	EndGlobalSection
	GlobalSection(ProjectConfigurationPlatforms) = postSolution
		{04F45162-7D1D-46CC-9108-5897BF57BD8D}.Debug|Any CPU.ActiveCfg = Debug|x86
		{04F45162-7D1D-46CC-9108-5897BF57BD8D}.Debug|Any CPU.Build.0 = Debug|x86
		{04F45162-7D1D-46CC-9108-5897BF57BD8D}.Debug|Any CPU.Deploy.0 = Debug|x86
		{04F45162-7D1D-46CC-9108-5897BF57BD8D}.Debug|ARM.ActiveCfg = Debug|ARM
		{04F45162-7D1D-46CC-9108-5897BF57BD8D}.Debug|ARM.Build.0 = Debug|ARM
		{04F45162-7D1D-46CC-9108-5897BF57BD8D}.Debug|ARM.Deploy.0 = Debug|ARM
		{04F45162-7D1D-46CC-9108-5897BF57BD8D}.Debug|iPhone.ActiveCfg = Debug|x86
		{04F45162-7D1D-46CC-9108-5897BF57BD8D}.Debug|iPhone.Build.0 = Debug|x86
		{04F45162-7D1D-46CC-9108-5897BF57BD8D}.Debug|iPhone.Deploy.0 = Debug|x86
		{04F45162-7D1D-46CC-9108-5897BF57BD8D}.Debug|iPhoneSimulator.ActiveCfg = Debug|x86
		{04F45162-7D1D-46CC-9108-5897BF57BD8D}.Debug|iPhoneSimulator.Build.0 = Debug|x86
		{04F45162-7D1D-46CC-9108-5897BF57BD8D}.Debug|iPhoneSimulator.Deploy.0 = Debug|x86
		{04F45162-7D1D-46CC-9108-5897BF57BD8D}.Debug|x64.ActiveCfg = Debug|x64
		{04F45162-7D1D-46CC-9108-5897BF57BD8D}.Debug|x64.Build.0 = Debug|x64
		{04F45162-7D1D-46CC-9108-5897BF57BD8D}.Debug|x64.Deploy.0 = Debug|x64
		{04F45162-7D1D-46CC-9108-5897BF57BD8D}.Debug|x86.ActiveCfg = Debug|x86
		{04F45162-7D1D-46CC-9108-5897BF57BD8D}.Debug|x86.Build.0 = Debug|x86
		{04F45162-7D1D-46CC-9108-5897BF57BD8D}.Debug|x86.Deploy.0 = Debug|x86
		{04F45162-7D1D-46CC-9108-5897BF57BD8D}.Release|Any CPU.ActiveCfg = Release|x86
		{04F45162-7D1D-46CC-9108-5897BF57BD8D}.Release|Any CPU.Build.0 = Release|x86
		{04F45162-7D1D-46CC-9108-5897BF57BD8D}.Release|Any CPU.Deploy.0 = Release|x86
		{04F45162-7D1D-46CC-9108-5897BF57BD8D}.Release|ARM.ActiveCfg = Release|ARM
		{04F45162-7D1D-46CC-9108-5897BF57BD8D}.Release|ARM.Build.0 = Release|ARM
		{04F45162-7D1D-46CC-9108-5897BF57BD8D}.Release|ARM.Deploy.0 = Release|ARM
		{04F45162-7D1D-46CC-9108-5897BF57BD8D}.Release|iPhone.ActiveCfg = Release|x86
		{04F45162-7D1D-46CC-9108-5897BF57BD8D}.Release|iPhone.Build.0 = Release|x86
		{04F45162-7D1D-46CC-9108-5897BF57BD8D}.Release|iPhone.Deploy.0 = Release|x86
		{04F45162-7D1D-46CC-9108-5897BF57BD8D}.Release|iPhoneSimulator.ActiveCfg = Release|x86
		{04F45162-7D1D-46CC-9108-5897BF57BD8D}.Release|iPhoneSimulator.Build.0 = Release|x86
		{04F45162-7D1D-46CC-9108-5897BF57BD8D}.Release|iPhoneSimulator.Deploy.0 = Release|x86
		{04F45162-7D1D-46CC-9108-5897BF57BD8D}.Release|x64.ActiveCfg = Release|x64
		{04F45162-7D1D-46CC-9108-5897BF57BD8D}.Release|x64.Build.0 = Release|x64
		{04F45162-7D1D-46CC-9108-5897BF57BD8D}.Release|x64.Deploy.0 = Release|x64
		{04F45162-7D1D-46CC-9108-5897BF57BD8D}.Release|x86.ActiveCfg = Release|x86
		{04F45162-7D1D-46CC-9108-5897BF57BD8D}.Release|x86.Build.0 = Release|x86
		{04F45162-7D1D-46CC-9108-5897BF57BD8D}.Release|x86.Deploy.0 = Release|x86
		{A89B2232-8B9A-418C-9DA2-3C28193AE424}.Debug|Any CPU.ActiveCfg = Debug|Any CPU
		{A89B2232-8B9A-418C-9DA2-3C28193AE424}.Debug|Any CPU.Build.0 = Debug|Any CPU
		{A89B2232-8B9A-418C-9DA2-3C28193AE424}.Debug|Any CPU.Deploy.0 = Debug|Any CPU
		{A89B2232-8B9A-418C-9DA2-3C28193AE424}.Debug|ARM.ActiveCfg = Debug|Any CPU
		{A89B2232-8B9A-418C-9DA2-3C28193AE424}.Debug|ARM.Build.0 = Debug|Any CPU
		{A89B2232-8B9A-418C-9DA2-3C28193AE424}.Debug|ARM.Deploy.0 = Debug|Any CPU
		{A89B2232-8B9A-418C-9DA2-3C28193AE424}.Debug|iPhone.ActiveCfg = Debug|Any CPU
		{A89B2232-8B9A-418C-9DA2-3C28193AE424}.Debug|iPhone.Build.0 = Debug|Any CPU
		{A89B2232-8B9A-418C-9DA2-3C28193AE424}.Debug|iPhone.Deploy.0 = Debug|Any CPU
		{A89B2232-8B9A-418C-9DA2-3C28193AE424}.Debug|iPhoneSimulator.ActiveCfg = Debug|Any CPU
		{A89B2232-8B9A-418C-9DA2-3C28193AE424}.Debug|iPhoneSimulator.Build.0 = Debug|Any CPU
		{A89B2232-8B9A-418C-9DA2-3C28193AE424}.Debug|iPhoneSimulator.Deploy.0 = Debug|Any CPU
		{A89B2232-8B9A-418C-9DA2-3C28193AE424}.Debug|x64.ActiveCfg = Debug|Any CPU
		{A89B2232-8B9A-418C-9DA2-3C28193AE424}.Debug|x64.Build.0 = Debug|Any CPU
		{A89B2232-8B9A-418C-9DA2-3C28193AE424}.Debug|x64.Deploy.0 = Debug|Any CPU
		{A89B2232-8B9A-418C-9DA2-3C28193AE424}.Debug|x86.ActiveCfg = Debug|Any CPU
		{A89B2232-8B9A-418C-9DA2-3C28193AE424}.Debug|x86.Build.0 = Debug|Any CPU
		{A89B2232-8B9A-418C-9DA2-3C28193AE424}.Debug|x86.Deploy.0 = Debug|Any CPU
		{A89B2232-8B9A-418C-9DA2-3C28193AE424}.Release|Any CPU.ActiveCfg = Release|Any CPU
		{A89B2232-8B9A-418C-9DA2-3C28193AE424}.Release|Any CPU.Build.0 = Release|Any CPU
		{A89B2232-8B9A-418C-9DA2-3C28193AE424}.Release|Any CPU.Deploy.0 = Release|Any CPU
		{A89B2232-8B9A-418C-9DA2-3C28193AE424}.Release|ARM.ActiveCfg = Release|Any CPU
		{A89B2232-8B9A-418C-9DA2-3C28193AE424}.Release|ARM.Build.0 = Release|Any CPU
		{A89B2232-8B9A-418C-9DA2-3C28193AE424}.Release|ARM.Deploy.0 = Release|Any CPU
		{A89B2232-8B9A-418C-9DA2-3C28193AE424}.Release|iPhone.ActiveCfg = Release|Any CPU
		{A89B2232-8B9A-418C-9DA2-3C28193AE424}.Release|iPhone.Build.0 = Release|Any CPU
		{A89B2232-8B9A-418C-9DA2-3C28193AE424}.Release|iPhone.Deploy.0 = Release|Any CPU
		{A89B2232-8B9A-418C-9DA2-3C28193AE424}.Release|iPhoneSimulator.ActiveCfg = Release|Any CPU
		{A89B2232-8B9A-418C-9DA2-3C28193AE424}.Release|iPhoneSimulator.Build.0 = Release|Any CPU
		{A89B2232-8B9A-418C-9DA2-3C28193AE424}.Release|iPhoneSimulator.Deploy.0 = Release|Any CPU
		{A89B2232-8B9A-418C-9DA2-3C28193AE424}.Release|x64.ActiveCfg = Release|Any CPU
		{A89B2232-8B9A-418C-9DA2-3C28193AE424}.Release|x64.Build.0 = Release|Any CPU
		{A89B2232-8B9A-418C-9DA2-3C28193AE424}.Release|x64.Deploy.0 = Release|Any CPU
		{A89B2232-8B9A-418C-9DA2-3C28193AE424}.Release|x86.ActiveCfg = Release|Any CPU
		{A89B2232-8B9A-418C-9DA2-3C28193AE424}.Release|x86.Build.0 = Release|Any CPU
		{A89B2232-8B9A-418C-9DA2-3C28193AE424}.Release|x86.Deploy.0 = Release|Any CPU
		{2549169B-B04B-4EB0-9FFE-109A71EF9371}.Debug|Any CPU.ActiveCfg = Debug|iPhone
		{2549169B-B04B-4EB0-9FFE-109A71EF9371}.Debug|Any CPU.Build.0 = Debug|iPhone
		{2549169B-B04B-4EB0-9FFE-109A71EF9371}.Debug|Any CPU.Deploy.0 = Debug|iPhone
		{2549169B-B04B-4EB0-9FFE-109A71EF9371}.Debug|ARM.ActiveCfg = Debug|iPhoneSimulator
		{2549169B-B04B-4EB0-9FFE-109A71EF9371}.Debug|ARM.Build.0 = Debug|iPhoneSimulator
		{2549169B-B04B-4EB0-9FFE-109A71EF9371}.Debug|ARM.Deploy.0 = Debug|iPhoneSimulator
		{2549169B-B04B-4EB0-9FFE-109A71EF9371}.Debug|iPhone.ActiveCfg = Debug|iPhone
		{2549169B-B04B-4EB0-9FFE-109A71EF9371}.Debug|iPhone.Build.0 = Debug|iPhone
		{2549169B-B04B-4EB0-9FFE-109A71EF9371}.Debug|iPhone.Deploy.0 = Debug|iPhone
		{2549169B-B04B-4EB0-9FFE-109A71EF9371}.Debug|iPhoneSimulator.ActiveCfg = Debug|iPhoneSimulator
		{2549169B-B04B-4EB0-9FFE-109A71EF9371}.Debug|iPhoneSimulator.Build.0 = Debug|iPhoneSimulator
		{2549169B-B04B-4EB0-9FFE-109A71EF9371}.Debug|iPhoneSimulator.Deploy.0 = Debug|iPhoneSimulator
		{2549169B-B04B-4EB0-9FFE-109A71EF9371}.Debug|x64.ActiveCfg = Debug|iPhone
		{2549169B-B04B-4EB0-9FFE-109A71EF9371}.Debug|x64.Build.0 = Debug|iPhone
		{2549169B-B04B-4EB0-9FFE-109A71EF9371}.Debug|x64.Deploy.0 = Debug|iPhone
		{2549169B-B04B-4EB0-9FFE-109A71EF9371}.Debug|x86.ActiveCfg = Debug|iPhone
		{2549169B-B04B-4EB0-9FFE-109A71EF9371}.Debug|x86.Build.0 = Debug|iPhone
		{2549169B-B04B-4EB0-9FFE-109A71EF9371}.Debug|x86.Deploy.0 = Debug|iPhone
		{2549169B-B04B-4EB0-9FFE-109A71EF9371}.Release|Any CPU.ActiveCfg = Release|iPhone
		{2549169B-B04B-4EB0-9FFE-109A71EF9371}.Release|Any CPU.Build.0 = Release|iPhone
		{2549169B-B04B-4EB0-9FFE-109A71EF9371}.Release|Any CPU.Deploy.0 = Release|iPhone
		{2549169B-B04B-4EB0-9FFE-109A71EF9371}.Release|ARM.ActiveCfg = Release|iPhone
		{2549169B-B04B-4EB0-9FFE-109A71EF9371}.Release|ARM.Build.0 = Release|iPhone
		{2549169B-B04B-4EB0-9FFE-109A71EF9371}.Release|ARM.Deploy.0 = Release|iPhone
		{2549169B-B04B-4EB0-9FFE-109A71EF9371}.Release|iPhone.ActiveCfg = Release|iPhone
		{2549169B-B04B-4EB0-9FFE-109A71EF9371}.Release|iPhone.Build.0 = Release|iPhone
		{2549169B-B04B-4EB0-9FFE-109A71EF9371}.Release|iPhone.Deploy.0 = Release|iPhone
		{2549169B-B04B-4EB0-9FFE-109A71EF9371}.Release|iPhoneSimulator.ActiveCfg = Release|iPhoneSimulator
		{2549169B-B04B-4EB0-9FFE-109A71EF9371}.Release|iPhoneSimulator.Build.0 = Release|iPhoneSimulator
		{2549169B-B04B-4EB0-9FFE-109A71EF9371}.Release|iPhoneSimulator.Deploy.0 = Release|iPhoneSimulator
		{2549169B-B04B-4EB0-9FFE-109A71EF9371}.Release|x64.ActiveCfg = Release|iPhone
		{2549169B-B04B-4EB0-9FFE-109A71EF9371}.Release|x64.Build.0 = Release|iPhone
		{2549169B-B04B-4EB0-9FFE-109A71EF9371}.Release|x64.Deploy.0 = Release|iPhone
		{2549169B-B04B-4EB0-9FFE-109A71EF9371}.Release|x86.ActiveCfg = Release|iPhone
		{2549169B-B04B-4EB0-9FFE-109A71EF9371}.Release|x86.Build.0 = Release|iPhone
		{2549169B-B04B-4EB0-9FFE-109A71EF9371}.Release|x86.Deploy.0 = Release|iPhone
		{B12A2E39-C9BD-4447-A53D-42D4F765C398}.Debug|Any CPU.ActiveCfg = Debug|Any CPU
		{B12A2E39-C9BD-4447-A53D-42D4F765C398}.Debug|Any CPU.Build.0 = Debug|Any CPU
		{B12A2E39-C9BD-4447-A53D-42D4F765C398}.Debug|Any CPU.Deploy.0 = Debug|Any CPU
		{B12A2E39-C9BD-4447-A53D-42D4F765C398}.Debug|ARM.ActiveCfg = Debug|Any CPU
		{B12A2E39-C9BD-4447-A53D-42D4F765C398}.Debug|ARM.Build.0 = Debug|Any CPU
		{B12A2E39-C9BD-4447-A53D-42D4F765C398}.Debug|ARM.Deploy.0 = Debug|Any CPU
		{B12A2E39-C9BD-4447-A53D-42D4F765C398}.Debug|iPhone.ActiveCfg = Debug|Any CPU
		{B12A2E39-C9BD-4447-A53D-42D4F765C398}.Debug|iPhone.Build.0 = Debug|Any CPU
		{B12A2E39-C9BD-4447-A53D-42D4F765C398}.Debug|iPhone.Deploy.0 = Debug|Any CPU
		{B12A2E39-C9BD-4447-A53D-42D4F765C398}.Debug|iPhoneSimulator.ActiveCfg = Debug|Any CPU
		{B12A2E39-C9BD-4447-A53D-42D4F765C398}.Debug|iPhoneSimulator.Build.0 = Debug|Any CPU
		{B12A2E39-C9BD-4447-A53D-42D4F765C398}.Debug|iPhoneSimulator.Deploy.0 = Debug|Any CPU
		{B12A2E39-C9BD-4447-A53D-42D4F765C398}.Debug|x64.ActiveCfg = Debug|Any CPU
		{B12A2E39-C9BD-4447-A53D-42D4F765C398}.Debug|x64.Build.0 = Debug|Any CPU
		{B12A2E39-C9BD-4447-A53D-42D4F765C398}.Debug|x64.Deploy.0 = Debug|Any CPU
		{B12A2E39-C9BD-4447-A53D-42D4F765C398}.Debug|x86.ActiveCfg = Debug|Any CPU
		{B12A2E39-C9BD-4447-A53D-42D4F765C398}.Debug|x86.Build.0 = Debug|Any CPU
		{B12A2E39-C9BD-4447-A53D-42D4F765C398}.Debug|x86.Deploy.0 = Debug|Any CPU
		{B12A2E39-C9BD-4447-A53D-42D4F765C398}.Release|Any CPU.ActiveCfg = Release|Any CPU
		{B12A2E39-C9BD-4447-A53D-42D4F765C398}.Release|Any CPU.Build.0 = Release|Any CPU
		{B12A2E39-C9BD-4447-A53D-42D4F765C398}.Release|Any CPU.Deploy.0 = Release|Any CPU
		{B12A2E39-C9BD-4447-A53D-42D4F765C398}.Release|ARM.ActiveCfg = Release|Any CPU
		{B12A2E39-C9BD-4447-A53D-42D4F765C398}.Release|ARM.Build.0 = Release|Any CPU
		{B12A2E39-C9BD-4447-A53D-42D4F765C398}.Release|ARM.Deploy.0 = Release|Any CPU
		{B12A2E39-C9BD-4447-A53D-42D4F765C398}.Release|iPhone.ActiveCfg = Release|Any CPU
		{B12A2E39-C9BD-4447-A53D-42D4F765C398}.Release|iPhone.Build.0 = Release|Any CPU
		{B12A2E39-C9BD-4447-A53D-42D4F765C398}.Release|iPhone.Deploy.0 = Release|Any CPU
		{B12A2E39-C9BD-4447-A53D-42D4F765C398}.Release|iPhoneSimulator.ActiveCfg = Release|Any CPU
		{B12A2E39-C9BD-4447-A53D-42D4F765C398}.Release|iPhoneSimulator.Build.0 = Release|Any CPU
		{B12A2E39-C9BD-4447-A53D-42D4F765C398}.Release|iPhoneSimulator.Deploy.0 = Release|Any CPU
		{B12A2E39-C9BD-4447-A53D-42D4F765C398}.Release|x64.ActiveCfg = Release|Any CPU
		{B12A2E39-C9BD-4447-A53D-42D4F765C398}.Release|x64.Build.0 = Release|Any CPU
		{B12A2E39-C9BD-4447-A53D-42D4F765C398}.Release|x64.Deploy.0 = Release|Any CPU
		{B12A2E39-C9BD-4447-A53D-42D4F765C398}.Release|x86.ActiveCfg = Release|Any CPU
		{B12A2E39-C9BD-4447-A53D-42D4F765C398}.Release|x86.Build.0 = Release|Any CPU
		{B12A2E39-C9BD-4447-A53D-42D4F765C398}.Release|x86.Deploy.0 = Release|Any CPU
	EndGlobalSection
	GlobalSection(SolutionProperties) = preSolution
		HideSolutionNode = FALSE
	EndGlobalSection
	GlobalSection(ExtensibilityGlobals) = postSolution
		SolutionGuid = {491ACFAC-B771-4624-B230-8396FC14701B}
	EndGlobalSection
EndGlobal
